
Microsoft Visual Studio Solution File, Format Version 12.00
# Visual Studio Version 17
VisualStudioVersion = 17.13.35818.85 d17.13
MinimumVisualStudioVersion = 10.0.40219.1
Project("{FAE04EC0-301F-11D3-BF4B-00C04F79EFBC}") = "Task3", "Task3\Task3.csproj", "{5F240D09-8B5F-4299-AA4F-09941C3231D7}"
EndProject
Global
	GlobalSection(SolutionConfigurationPlatforms) = preSolution
		Debug|Any CPU = Debug|Any CPU
		Release|Any CPU = Release|Any CPU
	EndGlobalSection
	GlobalSection(ProjectConfigurationPlatforms) = postSolution
		{5F240D09-8B5F-4299-AA4F-09941C3231D7}.Debug|Any CPU.ActiveCfg = Debug|Any CPU
		{5F240D09-8B5F-4299-AA4F-09941C3231D7}.Debug|Any CPU.Build.0 = Debug|Any CPU
		{5F240D09-8B5F-4299-AA4F-09941C3231D7}.Release|Any CPU.ActiveCfg = Release|Any CPU
		{5F240D09-8B5F-4299-AA4F-09941C3231D7}.Release|Any CPU.Build.0 = Release|Any CPU
	EndGlobalSection
	GlobalSection(SolutionProperties) = preSolution
		HideSolutionNode = FALSE
	EndGlobalSection
	GlobalSection(ExtensibilityGlobals) = postSolution
		SolutionGuid = {0D1E888C-D0A7-4450-9225-A1E54924B574}
	EndGlobalSection
EndGlobal
