
Microsoft Visual Studio Solution File, Format Version 12.00
# Visual Studio Version 17
VisualStudioVersion = 17.13.35818.85 d17.13
MinimumVisualStudioVersion = 10.0.40219.1
Project("{FAE04EC0-301F-11D3-BF4B-00C04F79EFBC}") = "Task2", "Task2\Task2.csproj", "{A0415619-8C34-4A52-8CCE-BB1D763C0BAF}"
EndProject
Global
	GlobalSection(SolutionConfigurationPlatforms) = preSolution
		Debug|Any CPU = Debug|Any CPU
		Release|Any CPU = Release|Any CPU
	EndGlobalSection
	GlobalSection(ProjectConfigurationPlatforms) = postSolution
		{A0415619-8C34-4A52-8CCE-BB1D763C0BAF}.Debug|Any CPU.ActiveCfg = Debug|Any CPU
		{A0415619-8C34-4A52-8CCE-BB1D763C0BAF}.Debug|Any CPU.Build.0 = Debug|Any CPU
		{A0415619-8C34-4A52-8CCE-BB1D763C0BAF}.Release|Any CPU.ActiveCfg = Release|Any CPU
		{A0415619-8C34-4A52-8CCE-BB1D763C0BAF}.Release|Any CPU.Build.0 = Release|Any CPU
	EndGlobalSection
	GlobalSection(SolutionProperties) = preSolution
		HideSolutionNode = FALSE
	EndGlobalSection
	GlobalSection(ExtensibilityGlobals) = postSolution
		SolutionGuid = {ECA28488-48B1-4B15-9390-67163CF5D2BE}
	EndGlobalSection
EndGlobal
